
Microsoft Visual Studio Solution File, Format Version 12.00
# Visual Studio Version 16
VisualStudioVersion = 16.0.31205.134
MinimumVisualStudioVersion = 10.0.40219.1
Project("{FAE04EC0-301F-11D3-BF4B-00C04F79EFBC}") = "PacManGame", "PacManGame\PacManGame.csproj", "{4DEAE647-6D87-4454-B0B3-C06D225BD163}"
EndProject
Global
	GlobalSection(SolutionConfigurationPlatforms) = preSolution
		Debug|Any CPU = Debug|Any CPU
		Release|Any CPU = Release|Any CPU
	EndGlobalSection
	GlobalSection(ProjectConfigurationPlatforms) = postSolution
		{4DEAE647-6D87-4454-B0B3-C06D225BD163}.Debug|Any CPU.ActiveCfg = Debug|Any CPU
		{4DEAE647-6D87-4454-B0B3-C06D225BD163}.Debug|Any CPU.Build.0 = Debug|Any CPU
		{4DEAE647-6D87-4454-B0B3-C06D225BD163}.Release|Any CPU.ActiveCfg = Release|Any CPU
		{4DEAE647-6D87-4454-B0B3-C06D225BD163}.Release|Any CPU.Build.0 = Release|Any CPU
	EndGlobalSection
	GlobalSection(SolutionProperties) = preSolution
		HideSolutionNode = FALSE
	EndGlobalSection
	GlobalSection(ExtensibilityGlobals) = postSolution
		SolutionGuid = {BBFFE30E-1CFD-4B47-B6C3-EC1102D10618}
	EndGlobalSection
EndGlobal
